
Microsoft Visual Studio Solution File, Format Version 12.00
# Visual Studio Version 16
VisualStudioVersion = 16.0.31729.503
MinimumVisualStudioVersion = 10.0.40219.1
Project("{FAE04EC0-301F-11D3-BF4B-00C04F79EFBC}") = "VS2019_Android_Xamarin", "VS2019_Android_Xamarin\VS2019_Android_Xamarin.csproj", "{9145791D-4831-4D4F-A5DD-8580D286AA7C}"
EndProject
Global
	GlobalSection(SolutionConfigurationPlatforms) = preSolution
		Debug|Any CPU = Debug|Any CPU
		Release|Any CPU = Release|Any CPU
	EndGlobalSection
	GlobalSection(ProjectConfigurationPlatforms) = postSolution
		{9145791D-4831-4D4F-A5DD-8580D286AA7C}.Debug|Any CPU.ActiveCfg = Debug|Any CPU
		{9145791D-4831-4D4F-A5DD-8580D286AA7C}.Debug|Any CPU.Build.0 = Debug|Any CPU
		{9145791D-4831-4D4F-A5DD-8580D286AA7C}.Debug|Any CPU.Deploy.0 = Debug|Any CPU
		{9145791D-4831-4D4F-A5DD-8580D286AA7C}.Release|Any CPU.ActiveCfg = Release|Any CPU
		{9145791D-4831-4D4F-A5DD-8580D286AA7C}.Release|Any CPU.Build.0 = Release|Any CPU
		{9145791D-4831-4D4F-A5DD-8580D286AA7C}.Release|Any CPU.Deploy.0 = Release|Any CPU
	EndGlobalSection
	GlobalSection(SolutionProperties) = preSolution
		HideSolutionNode = FALSE
	EndGlobalSection
	GlobalSection(ExtensibilityGlobals) = postSolution
		SolutionGuid = {BC88939B-E787-4FCD-8429-831A9B3BFCF0}
	EndGlobalSection
EndGlobal
